{
  "version": 4,
  "terraform_version": "1.1.3",
  "serial": 366,
  "lineage": "7403d64b-c8f5-1344-960e-9e8aad773a23",
  "outputs": {},
  "resources": [
    {
      "mode": "managed",
      "type": "google_compute_instance",
      "name": "pega-bastion",
      "provider": "provider[\"registry.terraform.io/hashicorp/google\"]",
      "instances": [
        {
          "schema_version": 6,
          "attributes": {
            "advanced_machine_features": [],
            "allow_stopping_for_update": null,
            "attached_disk": [],
            "boot_disk": [
              {
                "auto_delete": true,
                "device_name": "pega-bastion",
                "disk_encryption_key_raw": "",
                "disk_encryption_key_sha256": "",
                "initialize_params": [
                  {
                    "image": "https://www.googleapis.com/compute/v1/projects/centos-cloud/global/images/centos-7-v20220126",
                    "labels": {},
                    "size": 100,
                    "type": "pd-balanced"
                  }
                ],
                "kms_key_self_link": "",
                "mode": "READ_WRITE",
                "source": "https://www.googleapis.com/compute/v1/projects/konvoy-gcp-se/zones/us-central1-a/disks/pega-bastion"
              }
            ],
            "can_ip_forward": false,
            "confidential_instance_config": [
              {
                "enable_confidential_compute": false
              }
            ],
            "cpu_platform": "Intel Broadwell",
            "current_status": "RUNNING",
            "deletion_protection": false,
            "description": "",
            "desired_status": null,
            "enable_display": false,
            "guest_accelerator": [],
            "hostname": "bastionnetwork.pega",
            "id": "projects/konvoy-gcp-se/zones/us-central1-a/instances/pega-bastion",
            "instance_id": "3358577816327750877",
            "label_fingerprint": "vE8BSS-F6RU=",
            "labels": {
              "owner": "david-whitehouse"
            },
            "machine_type": "e2-standard-4",
            "metadata": {
              "ssh-keys": "dswhitehouse:ssh-rsa AAAAB3NzaC1yc2EAAAADAQABAAABgQDBkMBbJf/fHamKVXvhuGMZa4+sZY9f85MSdBzPV6VEWzp0wWdMM+MWKMQAVFebGH29PfVSxjFUQqgV2pE8EJQlhEzziCeA3PFeJUK1AS/mphirKmjUTYPbSeub98vOYPmPWgv87aAzVNvpHI/7TFjTsaGJiHrF8eJGq4wjw9HJ2jRHYXp7fYYaw/GBmy93lpc7T5y8DdIUrPLTwiWl9FClLc9s8UyZQwA71RgQVxB1PTjGbielHJ0AyJly5U17b0oZzpiVMTMQUQOyJgC/VQp6pdI6mhva8iuOmJn1ts4vQVV7FDKkREICVtGTtzJ9179C3LwgjHf2MbYXpEjs2gaOo88uvoB6bFRvN4yH7+XMjeVPRcwGAB/f1Ug87RrT6yVwqRAOU3RqBZM1iPbFo/mL2KgYqLuJt/ONYVXM2kk5cimM82u6IBv2lNPKcX+o1J4pccTXKQSydIFGuChzWmuGLX0czovw1xTltK01u3puyGX2axrNbK5Gu6AEzMI9oVU= dswhitehouse@dw-mbp.local"
            },
            "metadata_fingerprint": "GSpzuS-C3G0=",
            "metadata_startup_script": null,
            "min_cpu_platform": "",
            "name": "pega-bastion",
            "network_interface": [
              {
                "access_config": [
                  {
                    "nat_ip": "34.133.64.165",
                    "network_tier": "PREMIUM",
                    "public_ptr_domain_name": ""
                  }
                ],
                "alias_ip_range": [],
                "ipv6_access_config": [],
                "ipv6_access_type": "",
                "name": "nic0",
                "network": "https://www.googleapis.com/compute/v1/projects/konvoy-gcp-se/global/networks/pega-network",
                "network_ip": "10.0.0.10",
                "nic_type": "",
                "queue_count": 0,
                "stack_type": "IPV4_ONLY",
                "subnetwork": "https://www.googleapis.com/compute/v1/projects/konvoy-gcp-se/regions/us-central1/subnetworks/pega-subnet",
                "subnetwork_project": "konvoy-gcp-se"
              }
            ],
            "project": "konvoy-gcp-se",
            "reservation_affinity": [
              {
                "specific_reservation": [],
                "type": "ANY_RESERVATION"
              }
            ],
            "resource_policies": [],
            "scheduling": [
              {
                "automatic_restart": true,
                "min_node_cpus": 0,
                "node_affinities": [],
                "on_host_maintenance": "MIGRATE",
                "preemptible": false
              }
            ],
            "scratch_disk": [],
            "self_link": "https://www.googleapis.com/compute/v1/projects/konvoy-gcp-se/zones/us-central1-a/instances/pega-bastion",
            "service_account": [
              {
                "email": "dswhitehouse@konvoy-gcp-se.iam.gserviceaccount.com",
                "scopes": [
                  "https://www.googleapis.com/auth/cloud-platform"
                ]
              }
            ],
            "shielded_instance_config": [
              {
                "enable_integrity_monitoring": true,
                "enable_secure_boot": false,
                "enable_vtpm": true
              }
            ],
            "tags": [
              "pega"
            ],
            "tags_fingerprint": "GlOdB-7exls=",
            "timeouts": null,
            "zone": "us-central1-a"
          },
          "sensitive_attributes": [],
          "private": "eyJlMmJmYjczMC1lY2FhLTExZTYtOGY4OC0zNDM2M2JjN2M0YzAiOnsiY3JlYXRlIjoxMjAwMDAwMDAwMDAwLCJkZWxldGUiOjEyMDAwMDAwMDAwMDAsInVwZGF0ZSI6MTIwMDAwMDAwMDAwMH0sInNjaGVtYV92ZXJzaW9uIjoiNiJ9",
          "dependencies": [
            "google_compute_network.pega",
            "google_compute_subnetwork.pega"
          ]
        }
      ]
    },
    {
      "mode": "managed",
      "type": "google_compute_instance",
      "name": "pega-control-plane",
      "provider": "provider[\"registry.terraform.io/hashicorp/google\"]",
      "instances": [
        {
          "index_key": 0,
          "schema_version": 6,
          "attributes": {
            "advanced_machine_features": [],
            "allow_stopping_for_update": null,
            "attached_disk": [],
            "boot_disk": [
              {
                "auto_delete": true,
                "device_name": "pega-control-plane0",
                "disk_encryption_key_raw": "",
                "disk_encryption_key_sha256": "",
                "initialize_params": [
                  {
                    "image": "https://www.googleapis.com/compute/v1/projects/centos-cloud/global/images/centos-7-v20220126",
                    "labels": {},
                    "size": 100,
                    "type": "pd-balanced"
                  }
                ],
                "kms_key_self_link": "",
                "mode": "READ_WRITE",
                "source": "https://www.googleapis.com/compute/v1/projects/konvoy-gcp-se/zones/us-central1-a/disks/pega-control-plane0"
              }
            ],
            "can_ip_forward": false,
            "confidential_instance_config": [
              {
                "enable_confidential_compute": false
              }
            ],
            "cpu_platform": "Intel Broadwell",
            "current_status": "RUNNING",
            "deletion_protection": false,
            "description": "",
            "desired_status": null,
            "enable_display": false,
            "guest_accelerator": [],
            "hostname": "bastioncontrolplane0.pega",
            "id": "projects/konvoy-gcp-se/zones/us-central1-a/instances/pega-control-plane0",
            "instance_id": "8045974929838507229",
            "label_fingerprint": "vE8BSS-F6RU=",
            "labels": {
              "owner": "david-whitehouse"
            },
            "machine_type": "e2-standard-4",
            "metadata": {
              "ssh-keys": "dswhitehouse:ssh-rsa AAAAB3NzaC1yc2EAAAADAQABAAABgQDBkMBbJf/fHamKVXvhuGMZa4+sZY9f85MSdBzPV6VEWzp0wWdMM+MWKMQAVFebGH29PfVSxjFUQqgV2pE8EJQlhEzziCeA3PFeJUK1AS/mphirKmjUTYPbSeub98vOYPmPWgv87aAzVNvpHI/7TFjTsaGJiHrF8eJGq4wjw9HJ2jRHYXp7fYYaw/GBmy93lpc7T5y8DdIUrPLTwiWl9FClLc9s8UyZQwA71RgQVxB1PTjGbielHJ0AyJly5U17b0oZzpiVMTMQUQOyJgC/VQp6pdI6mhva8iuOmJn1ts4vQVV7FDKkREICVtGTtzJ9179C3LwgjHf2MbYXpEjs2gaOo88uvoB6bFRvN4yH7+XMjeVPRcwGAB/f1Ug87RrT6yVwqRAOU3RqBZM1iPbFo/mL2KgYqLuJt/ONYVXM2kk5cimM82u6IBv2lNPKcX+o1J4pccTXKQSydIFGuChzWmuGLX0czovw1xTltK01u3puyGX2axrNbK5Gu6AEzMI9oVU= dswhitehouse@dw-mbp.local"
            },
            "metadata_fingerprint": "GSpzuS-C3G0=",
            "metadata_startup_script": null,
            "min_cpu_platform": "",
            "name": "pega-control-plane0",
            "network_interface": [
              {
                "access_config": [
                  {
                    "nat_ip": "104.197.217.220",
                    "network_tier": "PREMIUM",
                    "public_ptr_domain_name": ""
                  }
                ],
                "alias_ip_range": [],
                "ipv6_access_config": [],
                "ipv6_access_type": "",
                "name": "nic0",
                "network": "https://www.googleapis.com/compute/v1/projects/konvoy-gcp-se/global/networks/pega-network",
                "network_ip": "10.0.0.20",
                "nic_type": "",
                "queue_count": 0,
                "stack_type": "IPV4_ONLY",
                "subnetwork": "https://www.googleapis.com/compute/v1/projects/konvoy-gcp-se/regions/us-central1/subnetworks/pega-subnet",
                "subnetwork_project": "konvoy-gcp-se"
              }
            ],
            "project": "konvoy-gcp-se",
            "reservation_affinity": [
              {
                "specific_reservation": [],
                "type": "ANY_RESERVATION"
              }
            ],
            "resource_policies": [],
            "scheduling": [
              {
                "automatic_restart": true,
                "min_node_cpus": 0,
                "node_affinities": [],
                "on_host_maintenance": "MIGRATE",
                "preemptible": false
              }
            ],
            "scratch_disk": [],
            "self_link": "https://www.googleapis.com/compute/v1/projects/konvoy-gcp-se/zones/us-central1-a/instances/pega-control-plane0",
            "service_account": [
              {
                "email": "dswhitehouse@konvoy-gcp-se.iam.gserviceaccount.com",
                "scopes": [
                  "https://www.googleapis.com/auth/cloud-platform"
                ]
              }
            ],
            "shielded_instance_config": [
              {
                "enable_integrity_monitoring": true,
                "enable_secure_boot": false,
                "enable_vtpm": true
              }
            ],
            "tags": [
              "pega"
            ],
            "tags_fingerprint": "GlOdB-7exls=",
            "timeouts": null,
            "zone": "us-central1-a"
          },
          "sensitive_attributes": [],
          "private": "eyJlMmJmYjczMC1lY2FhLTExZTYtOGY4OC0zNDM2M2JjN2M0YzAiOnsiY3JlYXRlIjoxMjAwMDAwMDAwMDAwLCJkZWxldGUiOjEyMDAwMDAwMDAwMDAsInVwZGF0ZSI6MTIwMDAwMDAwMDAwMH0sInNjaGVtYV92ZXJzaW9uIjoiNiJ9",
          "dependencies": [
            "google_compute_network.pega",
            "google_compute_subnetwork.pega"
          ]
        },
        {
          "index_key": 1,
          "schema_version": 6,
          "attributes": {
            "advanced_machine_features": [],
            "allow_stopping_for_update": null,
            "attached_disk": [],
            "boot_disk": [
              {
                "auto_delete": true,
                "device_name": "pega-control-plane1",
                "disk_encryption_key_raw": "",
                "disk_encryption_key_sha256": "",
                "initialize_params": [
                  {
                    "image": "https://www.googleapis.com/compute/v1/projects/centos-cloud/global/images/centos-7-v20220126",
                    "labels": {},
                    "size": 100,
                    "type": "pd-balanced"
                  }
                ],
                "kms_key_self_link": "",
                "mode": "READ_WRITE",
                "source": "https://www.googleapis.com/compute/v1/projects/konvoy-gcp-se/zones/us-central1-a/disks/pega-control-plane1"
              }
            ],
            "can_ip_forward": false,
            "confidential_instance_config": [
              {
                "enable_confidential_compute": false
              }
            ],
            "cpu_platform": "Intel Broadwell",
            "current_status": "RUNNING",
            "deletion_protection": false,
            "description": "",
            "desired_status": null,
            "enable_display": false,
            "guest_accelerator": [],
            "hostname": "bastioncontrolplane1.pega",
            "id": "projects/konvoy-gcp-se/zones/us-central1-a/instances/pega-control-plane1",
            "instance_id": "692424760792515805",
            "label_fingerprint": "vE8BSS-F6RU=",
            "labels": {
              "owner": "david-whitehouse"
            },
            "machine_type": "e2-standard-4",
            "metadata": {
              "ssh-keys": "dswhitehouse:ssh-rsa AAAAB3NzaC1yc2EAAAADAQABAAABgQDBkMBbJf/fHamKVXvhuGMZa4+sZY9f85MSdBzPV6VEWzp0wWdMM+MWKMQAVFebGH29PfVSxjFUQqgV2pE8EJQlhEzziCeA3PFeJUK1AS/mphirKmjUTYPbSeub98vOYPmPWgv87aAzVNvpHI/7TFjTsaGJiHrF8eJGq4wjw9HJ2jRHYXp7fYYaw/GBmy93lpc7T5y8DdIUrPLTwiWl9FClLc9s8UyZQwA71RgQVxB1PTjGbielHJ0AyJly5U17b0oZzpiVMTMQUQOyJgC/VQp6pdI6mhva8iuOmJn1ts4vQVV7FDKkREICVtGTtzJ9179C3LwgjHf2MbYXpEjs2gaOo88uvoB6bFRvN4yH7+XMjeVPRcwGAB/f1Ug87RrT6yVwqRAOU3RqBZM1iPbFo/mL2KgYqLuJt/ONYVXM2kk5cimM82u6IBv2lNPKcX+o1J4pccTXKQSydIFGuChzWmuGLX0czovw1xTltK01u3puyGX2axrNbK5Gu6AEzMI9oVU= dswhitehouse@dw-mbp.local"
            },
            "metadata_fingerprint": "GSpzuS-C3G0=",
            "metadata_startup_script": null,
            "min_cpu_platform": "",
            "name": "pega-control-plane1",
            "network_interface": [
              {
                "access_config": [
                  {
                    "nat_ip": "34.136.158.43",
                    "network_tier": "PREMIUM",
                    "public_ptr_domain_name": ""
                  }
                ],
                "alias_ip_range": [],
                "ipv6_access_config": [],
                "ipv6_access_type": "",
                "name": "nic0",
                "network": "https://www.googleapis.com/compute/v1/projects/konvoy-gcp-se/global/networks/pega-network",
                "network_ip": "10.0.0.21",
                "nic_type": "",
                "queue_count": 0,
                "stack_type": "IPV4_ONLY",
                "subnetwork": "https://www.googleapis.com/compute/v1/projects/konvoy-gcp-se/regions/us-central1/subnetworks/pega-subnet",
                "subnetwork_project": "konvoy-gcp-se"
              }
            ],
            "project": "konvoy-gcp-se",
            "reservation_affinity": [
              {
                "specific_reservation": [],
                "type": "ANY_RESERVATION"
              }
            ],
            "resource_policies": [],
            "scheduling": [
              {
                "automatic_restart": true,
                "min_node_cpus": 0,
                "node_affinities": [],
                "on_host_maintenance": "MIGRATE",
                "preemptible": false
              }
            ],
            "scratch_disk": [],
            "self_link": "https://www.googleapis.com/compute/v1/projects/konvoy-gcp-se/zones/us-central1-a/instances/pega-control-plane1",
            "service_account": [
              {
                "email": "dswhitehouse@konvoy-gcp-se.iam.gserviceaccount.com",
                "scopes": [
                  "https://www.googleapis.com/auth/cloud-platform"
                ]
              }
            ],
            "shielded_instance_config": [
              {
                "enable_integrity_monitoring": true,
                "enable_secure_boot": false,
                "enable_vtpm": true
              }
            ],
            "tags": [
              "pega"
            ],
            "tags_fingerprint": "GlOdB-7exls=",
            "timeouts": null,
            "zone": "us-central1-a"
          },
          "sensitive_attributes": [],
          "private": "eyJlMmJmYjczMC1lY2FhLTExZTYtOGY4OC0zNDM2M2JjN2M0YzAiOnsiY3JlYXRlIjoxMjAwMDAwMDAwMDAwLCJkZWxldGUiOjEyMDAwMDAwMDAwMDAsInVwZGF0ZSI6MTIwMDAwMDAwMDAwMH0sInNjaGVtYV92ZXJzaW9uIjoiNiJ9",
          "dependencies": [
            "google_compute_network.pega",
            "google_compute_subnetwork.pega"
          ]
        },
        {
          "index_key": 2,
          "schema_version": 6,
          "attributes": {
            "advanced_machine_features": [],
            "allow_stopping_for_update": null,
            "attached_disk": [],
            "boot_disk": [
              {
                "auto_delete": true,
                "device_name": "pega-control-plane2",
                "disk_encryption_key_raw": "",
                "disk_encryption_key_sha256": "",
                "initialize_params": [
                  {
                    "image": "https://www.googleapis.com/compute/v1/projects/centos-cloud/global/images/centos-7-v20220126",
                    "labels": {},
                    "size": 100,
                    "type": "pd-balanced"
                  }
                ],
                "kms_key_self_link": "",
                "mode": "READ_WRITE",
                "source": "https://www.googleapis.com/compute/v1/projects/konvoy-gcp-se/zones/us-central1-a/disks/pega-control-plane2"
              }
            ],
            "can_ip_forward": false,
            "confidential_instance_config": [
              {
                "enable_confidential_compute": false
              }
            ],
            "cpu_platform": "Intel Broadwell",
            "current_status": "RUNNING",
            "deletion_protection": false,
            "description": "",
            "desired_status": null,
            "enable_display": false,
            "guest_accelerator": [],
            "hostname": "bastioncontrolplane2.pega",
            "id": "projects/konvoy-gcp-se/zones/us-central1-a/instances/pega-control-plane2",
            "instance_id": "6823772862558045405",
            "label_fingerprint": "vE8BSS-F6RU=",
            "labels": {
              "owner": "david-whitehouse"
            },
            "machine_type": "e2-standard-4",
            "metadata": {
              "ssh-keys": "dswhitehouse:ssh-rsa AAAAB3NzaC1yc2EAAAADAQABAAABgQDBkMBbJf/fHamKVXvhuGMZa4+sZY9f85MSdBzPV6VEWzp0wWdMM+MWKMQAVFebGH29PfVSxjFUQqgV2pE8EJQlhEzziCeA3PFeJUK1AS/mphirKmjUTYPbSeub98vOYPmPWgv87aAzVNvpHI/7TFjTsaGJiHrF8eJGq4wjw9HJ2jRHYXp7fYYaw/GBmy93lpc7T5y8DdIUrPLTwiWl9FClLc9s8UyZQwA71RgQVxB1PTjGbielHJ0AyJly5U17b0oZzpiVMTMQUQOyJgC/VQp6pdI6mhva8iuOmJn1ts4vQVV7FDKkREICVtGTtzJ9179C3LwgjHf2MbYXpEjs2gaOo88uvoB6bFRvN4yH7+XMjeVPRcwGAB/f1Ug87RrT6yVwqRAOU3RqBZM1iPbFo/mL2KgYqLuJt/ONYVXM2kk5cimM82u6IBv2lNPKcX+o1J4pccTXKQSydIFGuChzWmuGLX0czovw1xTltK01u3puyGX2axrNbK5Gu6AEzMI9oVU= dswhitehouse@dw-mbp.local"
            },
            "metadata_fingerprint": "GSpzuS-C3G0=",
            "metadata_startup_script": null,
            "min_cpu_platform": "",
            "name": "pega-control-plane2",
            "network_interface": [
              {
                "access_config": [
                  {
                    "nat_ip": "34.132.77.209",
                    "network_tier": "PREMIUM",
                    "public_ptr_domain_name": ""
                  }
                ],
                "alias_ip_range": [],
                "ipv6_access_config": [],
                "ipv6_access_type": "",
                "name": "nic0",
                "network": "https://www.googleapis.com/compute/v1/projects/konvoy-gcp-se/global/networks/pega-network",
                "network_ip": "10.0.0.22",
                "nic_type": "",
                "queue_count": 0,
                "stack_type": "IPV4_ONLY",
                "subnetwork": "https://www.googleapis.com/compute/v1/projects/konvoy-gcp-se/regions/us-central1/subnetworks/pega-subnet",
                "subnetwork_project": "konvoy-gcp-se"
              }
            ],
            "project": "konvoy-gcp-se",
            "reservation_affinity": [
              {
                "specific_reservation": [],
                "type": "ANY_RESERVATION"
              }
            ],
            "resource_policies": [],
            "scheduling": [
              {
                "automatic_restart": true,
                "min_node_cpus": 0,
                "node_affinities": [],
                "on_host_maintenance": "MIGRATE",
                "preemptible": false
              }
            ],
            "scratch_disk": [],
            "self_link": "https://www.googleapis.com/compute/v1/projects/konvoy-gcp-se/zones/us-central1-a/instances/pega-control-plane2",
            "service_account": [
              {
                "email": "dswhitehouse@konvoy-gcp-se.iam.gserviceaccount.com",
                "scopes": [
                  "https://www.googleapis.com/auth/cloud-platform"
                ]
              }
            ],
            "shielded_instance_config": [
              {
                "enable_integrity_monitoring": true,
                "enable_secure_boot": false,
                "enable_vtpm": true
              }
            ],
            "tags": [
              "pega"
            ],
            "tags_fingerprint": "GlOdB-7exls=",
            "timeouts": null,
            "zone": "us-central1-a"
          },
          "sensitive_attributes": [],
          "private": "eyJlMmJmYjczMC1lY2FhLTExZTYtOGY4OC0zNDM2M2JjN2M0YzAiOnsiY3JlYXRlIjoxMjAwMDAwMDAwMDAwLCJkZWxldGUiOjEyMDAwMDAwMDAwMDAsInVwZGF0ZSI6MTIwMDAwMDAwMDAwMH0sInNjaGVtYV92ZXJzaW9uIjoiNiJ9",
          "dependencies": [
            "google_compute_subnetwork.pega",
            "google_compute_network.pega"
          ]
        }
      ]
    },
    {
      "mode": "managed",
      "type": "google_compute_instance",
      "name": "pega-worker-node",
      "provider": "provider[\"registry.terraform.io/hashicorp/google\"]",
      "instances": [
        {
          "index_key": 0,
          "schema_version": 6,
          "attributes": {
            "advanced_machine_features": [],
            "allow_stopping_for_update": null,
            "attached_disk": [],
            "boot_disk": [
              {
                "auto_delete": true,
                "device_name": "pega-worker-node0",
                "disk_encryption_key_raw": "",
                "disk_encryption_key_sha256": "",
                "initialize_params": [
                  {
                    "image": "https://www.googleapis.com/compute/v1/projects/centos-cloud/global/images/centos-7-v20220126",
                    "labels": {},
                    "size": 100,
                    "type": "pd-balanced"
                  }
                ],
                "kms_key_self_link": "",
                "mode": "READ_WRITE",
                "source": "https://www.googleapis.com/compute/v1/projects/konvoy-gcp-se/zones/us-central1-a/disks/pega-worker-node0"
              }
            ],
            "can_ip_forward": false,
            "confidential_instance_config": [
              {
                "enable_confidential_compute": false
              }
            ],
            "cpu_platform": "Intel Broadwell",
            "current_status": "RUNNING",
            "deletion_protection": false,
            "description": "",
            "desired_status": null,
            "enable_display": false,
            "guest_accelerator": [],
            "hostname": "bastionworkernode0.pega",
            "id": "projects/konvoy-gcp-se/zones/us-central1-a/instances/pega-worker-node0",
            "instance_id": "4918287488993789149",
            "label_fingerprint": "vE8BSS-F6RU=",
            "labels": {
              "owner": "david-whitehouse"
            },
            "machine_type": "e2-standard-8",
            "metadata": {
              "ssh-keys": "dswhitehouse:ssh-rsa AAAAB3NzaC1yc2EAAAADAQABAAABgQDBkMBbJf/fHamKVXvhuGMZa4+sZY9f85MSdBzPV6VEWzp0wWdMM+MWKMQAVFebGH29PfVSxjFUQqgV2pE8EJQlhEzziCeA3PFeJUK1AS/mphirKmjUTYPbSeub98vOYPmPWgv87aAzVNvpHI/7TFjTsaGJiHrF8eJGq4wjw9HJ2jRHYXp7fYYaw/GBmy93lpc7T5y8DdIUrPLTwiWl9FClLc9s8UyZQwA71RgQVxB1PTjGbielHJ0AyJly5U17b0oZzpiVMTMQUQOyJgC/VQp6pdI6mhva8iuOmJn1ts4vQVV7FDKkREICVtGTtzJ9179C3LwgjHf2MbYXpEjs2gaOo88uvoB6bFRvN4yH7+XMjeVPRcwGAB/f1Ug87RrT6yVwqRAOU3RqBZM1iPbFo/mL2KgYqLuJt/ONYVXM2kk5cimM82u6IBv2lNPKcX+o1J4pccTXKQSydIFGuChzWmuGLX0czovw1xTltK01u3puyGX2axrNbK5Gu6AEzMI9oVU= dswhitehouse@dw-mbp.local"
            },
            "metadata_fingerprint": "GSpzuS-C3G0=",
            "metadata_startup_script": null,
            "min_cpu_platform": "",
            "name": "pega-worker-node0",
            "network_interface": [
              {
                "access_config": [
                  {
                    "nat_ip": "34.72.127.126",
                    "network_tier": "PREMIUM",
                    "public_ptr_domain_name": ""
                  }
                ],
                "alias_ip_range": [],
                "ipv6_access_config": [],
                "ipv6_access_type": "",
                "name": "nic0",
                "network": "https://www.googleapis.com/compute/v1/projects/konvoy-gcp-se/global/networks/pega-network",
                "network_ip": "10.0.0.30",
                "nic_type": "",
                "queue_count": 0,
                "stack_type": "IPV4_ONLY",
                "subnetwork": "https://www.googleapis.com/compute/v1/projects/konvoy-gcp-se/regions/us-central1/subnetworks/pega-subnet",
                "subnetwork_project": "konvoy-gcp-se"
              }
            ],
            "project": "konvoy-gcp-se",
            "reservation_affinity": [
              {
                "specific_reservation": [],
                "type": "ANY_RESERVATION"
              }
            ],
            "resource_policies": [],
            "scheduling": [
              {
                "automatic_restart": true,
                "min_node_cpus": 0,
                "node_affinities": [],
                "on_host_maintenance": "MIGRATE",
                "preemptible": false
              }
            ],
            "scratch_disk": [],
            "self_link": "https://www.googleapis.com/compute/v1/projects/konvoy-gcp-se/zones/us-central1-a/instances/pega-worker-node0",
            "service_account": [
              {
                "email": "dswhitehouse@konvoy-gcp-se.iam.gserviceaccount.com",
                "scopes": [
                  "https://www.googleapis.com/auth/cloud-platform"
                ]
              }
            ],
            "shielded_instance_config": [
              {
                "enable_integrity_monitoring": true,
                "enable_secure_boot": false,
                "enable_vtpm": true
              }
            ],
            "tags": [
              "pega"
            ],
            "tags_fingerprint": "GlOdB-7exls=",
            "timeouts": null,
            "zone": "us-central1-a"
          },
          "sensitive_attributes": [],
          "private": "eyJlMmJmYjczMC1lY2FhLTExZTYtOGY4OC0zNDM2M2JjN2M0YzAiOnsiY3JlYXRlIjoxMjAwMDAwMDAwMDAwLCJkZWxldGUiOjEyMDAwMDAwMDAwMDAsInVwZGF0ZSI6MTIwMDAwMDAwMDAwMH0sInNjaGVtYV92ZXJzaW9uIjoiNiJ9",
          "dependencies": [
            "google_compute_network.pega",
            "google_compute_subnetwork.pega"
          ]
        },
        {
          "index_key": 1,
          "schema_version": 6,
          "attributes": {
            "advanced_machine_features": [],
            "allow_stopping_for_update": null,
            "attached_disk": [],
            "boot_disk": [
              {
                "auto_delete": true,
                "device_name": "pega-worker-node1",
                "disk_encryption_key_raw": "",
                "disk_encryption_key_sha256": "",
                "initialize_params": [
                  {
                    "image": "https://www.googleapis.com/compute/v1/projects/centos-cloud/global/images/centos-7-v20220126",
                    "labels": {},
                    "size": 100,
                    "type": "pd-balanced"
                  }
                ],
                "kms_key_self_link": "",
                "mode": "READ_WRITE",
                "source": "https://www.googleapis.com/compute/v1/projects/konvoy-gcp-se/zones/us-central1-a/disks/pega-worker-node1"
              }
            ],
            "can_ip_forward": false,
            "confidential_instance_config": [
              {
                "enable_confidential_compute": false
              }
            ],
            "cpu_platform": "Intel Broadwell",
            "current_status": "RUNNING",
            "deletion_protection": false,
            "description": "",
            "desired_status": null,
            "enable_display": false,
            "guest_accelerator": [],
            "hostname": "bastionworkernode1.pega",
            "id": "projects/konvoy-gcp-se/zones/us-central1-a/instances/pega-worker-node1",
            "instance_id": "9051852070083691741",
            "label_fingerprint": "vE8BSS-F6RU=",
            "labels": {
              "owner": "david-whitehouse"
            },
            "machine_type": "e2-standard-8",
            "metadata": {
              "ssh-keys": "dswhitehouse:ssh-rsa AAAAB3NzaC1yc2EAAAADAQABAAABgQDBkMBbJf/fHamKVXvhuGMZa4+sZY9f85MSdBzPV6VEWzp0wWdMM+MWKMQAVFebGH29PfVSxjFUQqgV2pE8EJQlhEzziCeA3PFeJUK1AS/mphirKmjUTYPbSeub98vOYPmPWgv87aAzVNvpHI/7TFjTsaGJiHrF8eJGq4wjw9HJ2jRHYXp7fYYaw/GBmy93lpc7T5y8DdIUrPLTwiWl9FClLc9s8UyZQwA71RgQVxB1PTjGbielHJ0AyJly5U17b0oZzpiVMTMQUQOyJgC/VQp6pdI6mhva8iuOmJn1ts4vQVV7FDKkREICVtGTtzJ9179C3LwgjHf2MbYXpEjs2gaOo88uvoB6bFRvN4yH7+XMjeVPRcwGAB/f1Ug87RrT6yVwqRAOU3RqBZM1iPbFo/mL2KgYqLuJt/ONYVXM2kk5cimM82u6IBv2lNPKcX+o1J4pccTXKQSydIFGuChzWmuGLX0czovw1xTltK01u3puyGX2axrNbK5Gu6AEzMI9oVU= dswhitehouse@dw-mbp.local"
            },
            "metadata_fingerprint": "GSpzuS-C3G0=",
            "metadata_startup_script": null,
            "min_cpu_platform": "",
            "name": "pega-worker-node1",
            "network_interface": [
              {
                "access_config": [
                  {
                    "nat_ip": "35.226.124.251",
                    "network_tier": "PREMIUM",
                    "public_ptr_domain_name": ""
                  }
                ],
                "alias_ip_range": [],
                "ipv6_access_config": [],
                "ipv6_access_type": "",
                "name": "nic0",
                "network": "https://www.googleapis.com/compute/v1/projects/konvoy-gcp-se/global/networks/pega-network",
                "network_ip": "10.0.0.31",
                "nic_type": "",
                "queue_count": 0,
                "stack_type": "IPV4_ONLY",
                "subnetwork": "https://www.googleapis.com/compute/v1/projects/konvoy-gcp-se/regions/us-central1/subnetworks/pega-subnet",
                "subnetwork_project": "konvoy-gcp-se"
              }
            ],
            "project": "konvoy-gcp-se",
            "reservation_affinity": [
              {
                "specific_reservation": [],
                "type": "ANY_RESERVATION"
              }
            ],
            "resource_policies": [],
            "scheduling": [
              {
                "automatic_restart": true,
                "min_node_cpus": 0,
                "node_affinities": [],
                "on_host_maintenance": "MIGRATE",
                "preemptible": false
              }
            ],
            "scratch_disk": [],
            "self_link": "https://www.googleapis.com/compute/v1/projects/konvoy-gcp-se/zones/us-central1-a/instances/pega-worker-node1",
            "service_account": [
              {
                "email": "dswhitehouse@konvoy-gcp-se.iam.gserviceaccount.com",
                "scopes": [
                  "https://www.googleapis.com/auth/cloud-platform"
                ]
              }
            ],
            "shielded_instance_config": [
              {
                "enable_integrity_monitoring": true,
                "enable_secure_boot": false,
                "enable_vtpm": true
              }
            ],
            "tags": [
              "pega"
            ],
            "tags_fingerprint": "GlOdB-7exls=",
            "timeouts": null,
            "zone": "us-central1-a"
          },
          "sensitive_attributes": [],
          "private": "eyJlMmJmYjczMC1lY2FhLTExZTYtOGY4OC0zNDM2M2JjN2M0YzAiOnsiY3JlYXRlIjoxMjAwMDAwMDAwMDAwLCJkZWxldGUiOjEyMDAwMDAwMDAwMDAsInVwZGF0ZSI6MTIwMDAwMDAwMDAwMH0sInNjaGVtYV92ZXJzaW9uIjoiNiJ9",
          "dependencies": [
            "google_compute_network.pega",
            "google_compute_subnetwork.pega"
          ]
        },
        {
          "index_key": 2,
          "schema_version": 6,
          "attributes": {
            "advanced_machine_features": [],
            "allow_stopping_for_update": null,
            "attached_disk": [],
            "boot_disk": [
              {
                "auto_delete": true,
                "device_name": "pega-worker-node2",
                "disk_encryption_key_raw": "",
                "disk_encryption_key_sha256": "",
                "initialize_params": [
                  {
                    "image": "https://www.googleapis.com/compute/v1/projects/centos-cloud/global/images/centos-7-v20220126",
                    "labels": {},
                    "size": 100,
                    "type": "pd-balanced"
                  }
                ],
                "kms_key_self_link": "",
                "mode": "READ_WRITE",
                "source": "https://www.googleapis.com/compute/v1/projects/konvoy-gcp-se/zones/us-central1-a/disks/pega-worker-node2"
              }
            ],
            "can_ip_forward": false,
            "confidential_instance_config": [
              {
                "enable_confidential_compute": false
              }
            ],
            "cpu_platform": "Intel Broadwell",
            "current_status": "RUNNING",
            "deletion_protection": false,
            "description": "",
            "desired_status": null,
            "enable_display": false,
            "guest_accelerator": [],
            "hostname": "bastionworkernode2.pega",
            "id": "projects/konvoy-gcp-se/zones/us-central1-a/instances/pega-worker-node2",
            "instance_id": "5670259386903758045",
            "label_fingerprint": "vE8BSS-F6RU=",
            "labels": {
              "owner": "david-whitehouse"
            },
            "machine_type": "e2-standard-8",
            "metadata": {
              "ssh-keys": "dswhitehouse:ssh-rsa AAAAB3NzaC1yc2EAAAADAQABAAABgQDBkMBbJf/fHamKVXvhuGMZa4+sZY9f85MSdBzPV6VEWzp0wWdMM+MWKMQAVFebGH29PfVSxjFUQqgV2pE8EJQlhEzziCeA3PFeJUK1AS/mphirKmjUTYPbSeub98vOYPmPWgv87aAzVNvpHI/7TFjTsaGJiHrF8eJGq4wjw9HJ2jRHYXp7fYYaw/GBmy93lpc7T5y8DdIUrPLTwiWl9FClLc9s8UyZQwA71RgQVxB1PTjGbielHJ0AyJly5U17b0oZzpiVMTMQUQOyJgC/VQp6pdI6mhva8iuOmJn1ts4vQVV7FDKkREICVtGTtzJ9179C3LwgjHf2MbYXpEjs2gaOo88uvoB6bFRvN4yH7+XMjeVPRcwGAB/f1Ug87RrT6yVwqRAOU3RqBZM1iPbFo/mL2KgYqLuJt/ONYVXM2kk5cimM82u6IBv2lNPKcX+o1J4pccTXKQSydIFGuChzWmuGLX0czovw1xTltK01u3puyGX2axrNbK5Gu6AEzMI9oVU= dswhitehouse@dw-mbp.local"
            },
            "metadata_fingerprint": "GSpzuS-C3G0=",
            "metadata_startup_script": null,
            "min_cpu_platform": "",
            "name": "pega-worker-node2",
            "network_interface": [
              {
                "access_config": [
                  {
                    "nat_ip": "34.133.223.240",
                    "network_tier": "PREMIUM",
                    "public_ptr_domain_name": ""
                  }
                ],
                "alias_ip_range": [],
                "ipv6_access_config": [],
                "ipv6_access_type": "",
                "name": "nic0",
                "network": "https://www.googleapis.com/compute/v1/projects/konvoy-gcp-se/global/networks/pega-network",
                "network_ip": "10.0.0.32",
                "nic_type": "",
                "queue_count": 0,
                "stack_type": "IPV4_ONLY",
                "subnetwork": "https://www.googleapis.com/compute/v1/projects/konvoy-gcp-se/regions/us-central1/subnetworks/pega-subnet",
                "subnetwork_project": "konvoy-gcp-se"
              }
            ],
            "project": "konvoy-gcp-se",
            "reservation_affinity": [
              {
                "specific_reservation": [],
                "type": "ANY_RESERVATION"
              }
            ],
            "resource_policies": [],
            "scheduling": [
              {
                "automatic_restart": true,
                "min_node_cpus": 0,
                "node_affinities": [],
                "on_host_maintenance": "MIGRATE",
                "preemptible": false
              }
            ],
            "scratch_disk": [],
            "self_link": "https://www.googleapis.com/compute/v1/projects/konvoy-gcp-se/zones/us-central1-a/instances/pega-worker-node2",
            "service_account": [
              {
                "email": "dswhitehouse@konvoy-gcp-se.iam.gserviceaccount.com",
                "scopes": [
                  "https://www.googleapis.com/auth/cloud-platform"
                ]
              }
            ],
            "shielded_instance_config": [
              {
                "enable_integrity_monitoring": true,
                "enable_secure_boot": false,
                "enable_vtpm": true
              }
            ],
            "tags": [
              "pega"
            ],
            "tags_fingerprint": "GlOdB-7exls=",
            "timeouts": null,
            "zone": "us-central1-a"
          },
          "sensitive_attributes": [],
          "private": "eyJlMmJmYjczMC1lY2FhLTExZTYtOGY4OC0zNDM2M2JjN2M0YzAiOnsiY3JlYXRlIjoxMjAwMDAwMDAwMDAwLCJkZWxldGUiOjEyMDAwMDAwMDAwMDAsInVwZGF0ZSI6MTIwMDAwMDAwMDAwMH0sInNjaGVtYV92ZXJzaW9uIjoiNiJ9",
          "dependencies": [
            "google_compute_network.pega",
            "google_compute_subnetwork.pega"
          ]
        },
        {
          "index_key": 3,
          "schema_version": 6,
          "attributes": {
            "advanced_machine_features": [],
            "allow_stopping_for_update": null,
            "attached_disk": [],
            "boot_disk": [
              {
                "auto_delete": true,
                "device_name": "pega-worker-node3",
                "disk_encryption_key_raw": "",
                "disk_encryption_key_sha256": "",
                "initialize_params": [
                  {
                    "image": "https://www.googleapis.com/compute/v1/projects/centos-cloud/global/images/centos-7-v20220126",
                    "labels": {},
                    "size": 100,
                    "type": "pd-balanced"
                  }
                ],
                "kms_key_self_link": "",
                "mode": "READ_WRITE",
                "source": "https://www.googleapis.com/compute/v1/projects/konvoy-gcp-se/zones/us-central1-a/disks/pega-worker-node3"
              }
            ],
            "can_ip_forward": false,
            "confidential_instance_config": [
              {
                "enable_confidential_compute": false
              }
            ],
            "cpu_platform": "Intel Broadwell",
            "current_status": "RUNNING",
            "deletion_protection": false,
            "description": "",
            "desired_status": null,
            "enable_display": false,
            "guest_accelerator": [],
            "hostname": "bastionworkernode3.pega",
            "id": "projects/konvoy-gcp-se/zones/us-central1-a/instances/pega-worker-node3",
            "instance_id": "9157528756854260957",
            "label_fingerprint": "vE8BSS-F6RU=",
            "labels": {
              "owner": "david-whitehouse"
            },
            "machine_type": "e2-standard-8",
            "metadata": {
              "ssh-keys": "dswhitehouse:ssh-rsa AAAAB3NzaC1yc2EAAAADAQABAAABgQDBkMBbJf/fHamKVXvhuGMZa4+sZY9f85MSdBzPV6VEWzp0wWdMM+MWKMQAVFebGH29PfVSxjFUQqgV2pE8EJQlhEzziCeA3PFeJUK1AS/mphirKmjUTYPbSeub98vOYPmPWgv87aAzVNvpHI/7TFjTsaGJiHrF8eJGq4wjw9HJ2jRHYXp7fYYaw/GBmy93lpc7T5y8DdIUrPLTwiWl9FClLc9s8UyZQwA71RgQVxB1PTjGbielHJ0AyJly5U17b0oZzpiVMTMQUQOyJgC/VQp6pdI6mhva8iuOmJn1ts4vQVV7FDKkREICVtGTtzJ9179C3LwgjHf2MbYXpEjs2gaOo88uvoB6bFRvN4yH7+XMjeVPRcwGAB/f1Ug87RrT6yVwqRAOU3RqBZM1iPbFo/mL2KgYqLuJt/ONYVXM2kk5cimM82u6IBv2lNPKcX+o1J4pccTXKQSydIFGuChzWmuGLX0czovw1xTltK01u3puyGX2axrNbK5Gu6AEzMI9oVU= dswhitehouse@dw-mbp.local"
            },
            "metadata_fingerprint": "GSpzuS-C3G0=",
            "metadata_startup_script": null,
            "min_cpu_platform": "",
            "name": "pega-worker-node3",
            "network_interface": [
              {
                "access_config": [
                  {
                    "nat_ip": "34.69.31.32",
                    "network_tier": "PREMIUM",
                    "public_ptr_domain_name": ""
                  }
                ],
                "alias_ip_range": [],
                "ipv6_access_config": [],
                "ipv6_access_type": "",
                "name": "nic0",
                "network": "https://www.googleapis.com/compute/v1/projects/konvoy-gcp-se/global/networks/pega-network",
                "network_ip": "10.0.0.33",
                "nic_type": "",
                "queue_count": 0,
                "stack_type": "IPV4_ONLY",
                "subnetwork": "https://www.googleapis.com/compute/v1/projects/konvoy-gcp-se/regions/us-central1/subnetworks/pega-subnet",
                "subnetwork_project": "konvoy-gcp-se"
              }
            ],
            "project": "konvoy-gcp-se",
            "reservation_affinity": [
              {
                "specific_reservation": [],
                "type": "ANY_RESERVATION"
              }
            ],
            "resource_policies": [],
            "scheduling": [
              {
                "automatic_restart": true,
                "min_node_cpus": 0,
                "node_affinities": [],
                "on_host_maintenance": "MIGRATE",
                "preemptible": false
              }
            ],
            "scratch_disk": [],
            "self_link": "https://www.googleapis.com/compute/v1/projects/konvoy-gcp-se/zones/us-central1-a/instances/pega-worker-node3",
            "service_account": [
              {
                "email": "dswhitehouse@konvoy-gcp-se.iam.gserviceaccount.com",
                "scopes": [
                  "https://www.googleapis.com/auth/cloud-platform"
                ]
              }
            ],
            "shielded_instance_config": [
              {
                "enable_integrity_monitoring": true,
                "enable_secure_boot": false,
                "enable_vtpm": true
              }
            ],
            "tags": [
              "pega"
            ],
            "tags_fingerprint": "GlOdB-7exls=",
            "timeouts": null,
            "zone": "us-central1-a"
          },
          "sensitive_attributes": [],
          "private": "eyJlMmJmYjczMC1lY2FhLTExZTYtOGY4OC0zNDM2M2JjN2M0YzAiOnsiY3JlYXRlIjoxMjAwMDAwMDAwMDAwLCJkZWxldGUiOjEyMDAwMDAwMDAwMDAsInVwZGF0ZSI6MTIwMDAwMDAwMDAwMH0sInNjaGVtYV92ZXJzaW9uIjoiNiJ9",
          "dependencies": [
            "google_compute_network.pega",
            "google_compute_subnetwork.pega"
          ]
        }
      ]
    },
    {
      "mode": "managed",
      "type": "google_compute_network",
      "name": "pega",
      "provider": "provider[\"registry.terraform.io/hashicorp/google\"]",
      "instances": [
        {
          "schema_version": 0,
          "attributes": {
            "auto_create_subnetworks": true,
            "delete_default_routes_on_create": false,
            "description": "",
            "gateway_ipv4": "",
            "id": "projects/konvoy-gcp-se/global/networks/pega-network",
            "mtu": 0,
            "name": "pega-network",
            "project": "konvoy-gcp-se",
            "routing_mode": "REGIONAL",
            "self_link": "https://www.googleapis.com/compute/v1/projects/konvoy-gcp-se/global/networks/pega-network",
            "timeouts": null
          },
          "sensitive_attributes": [],
          "private": "eyJlMmJmYjczMC1lY2FhLTExZTYtOGY4OC0zNDM2M2JjN2M0YzAiOnsiY3JlYXRlIjoxMjAwMDAwMDAwMDAwLCJkZWxldGUiOjEyMDAwMDAwMDAwMDAsInVwZGF0ZSI6MTIwMDAwMDAwMDAwMH19"
        }
      ]
    },
    {
      "mode": "managed",
      "type": "google_compute_subnetwork",
      "name": "pega",
      "provider": "provider[\"registry.terraform.io/hashicorp/google\"]",
      "instances": [
        {
          "schema_version": 0,
          "attributes": {
            "creation_timestamp": "2022-02-22T02:25:31.830-08:00",
            "description": "",
            "external_ipv6_prefix": "",
            "fingerprint": null,
            "gateway_address": "10.0.0.1",
            "id": "projects/konvoy-gcp-se/regions/us-central1/subnetworks/pega-subnet",
            "ip_cidr_range": "10.0.0.0/16",
            "ipv6_access_type": "",
            "ipv6_cidr_range": "",
            "log_config": [],
            "name": "pega-subnet",
            "network": "https://www.googleapis.com/compute/v1/projects/konvoy-gcp-se/global/networks/pega-network",
            "private_ip_google_access": false,
            "private_ipv6_google_access": "DISABLE_GOOGLE_ACCESS",
            "project": "konvoy-gcp-se",
            "purpose": "PRIVATE",
            "region": "us-central1",
            "role": "",
            "secondary_ip_range": [],
            "self_link": "https://www.googleapis.com/compute/v1/projects/konvoy-gcp-se/regions/us-central1/subnetworks/pega-subnet",
            "stack_type": "IPV4_ONLY",
            "timeouts": null
          },
          "sensitive_attributes": [],
          "private": "eyJlMmJmYjczMC1lY2FhLTExZTYtOGY4OC0zNDM2M2JjN2M0YzAiOnsiY3JlYXRlIjoxMjAwMDAwMDAwMDAwLCJkZWxldGUiOjEyMDAwMDAwMDAwMDAsInVwZGF0ZSI6MTIwMDAwMDAwMDAwMH19",
          "dependencies": [
            "google_compute_network.pega"
          ]
        }
      ]
    }
  ]
}
